// !$*UTF8*$!
{
	archiveVersion = 1;
	classes = {
	};
	objectVersion = 50;
	objects = {

/* Begin PBXBuildFile section */
		1BE4CE23263A1B6100F4CFED /* AppDelegate.swift in Sources */ = {isa = PBXBuildFile; fileRef = 1BE4CE22263A1B6100F4CFED /* AppDelegate.swift */; };
		1BE4CE25263A1B6100F4CFED /* SceneDelegate.swift in Sources */ = {isa = PBXBuildFile; fileRef = 1BE4CE24263A1B6100F4CFED /* SceneDelegate.swift */; };
		1BE4CE27263A1B6100F4CFED /* ViewController.swift in Sources */ = {isa = PBXBuildFile; fileRef = 1BE4CE26263A1B6100F4CFED /* ViewController.swift */; };
		1BE4CE2A263A1B6100F4CFED /* Main.storyboard in Resources */ = {isa = PBXBuildFile; fileRef = 1BE4CE28263A1B6100F4CFED /* Main.storyboard */; };
		1BE4CE2D263A1B6100F4CFED /* Bobo.xcdatamodeld in Sources */ = {isa = PBXBuildFile; fileRef = 1BE4CE2B263A1B6100F4CFED /* Bobo.xcdatamodeld */; };
		1BE4CE2F263A1B6100F4CFED /* Assets.xcassets in Resources */ = {isa = PBXBuildFile; fileRef = 1BE4CE2E263A1B6100F4CFED /* Assets.xcassets */; };
		1BE4CE32263A1B6100F4CFED /* LaunchScreen.storyboard in Resources */ = {isa = PBXBuildFile; fileRef = 1BE4CE30263A1B6100F4CFED /* LaunchScreen.storyboard */; };
/* End PBXBuildFile section */

/* Begin PBXFileReference section */
		1BE4CE1F263A1B6100F4CFED /* Bobo.app */ = {isa = PBXFileReference; explicitFileType = wrapper.application; includeInIndex = 0; path = Bobo.app; sourceTree = BUILT_PRODUCTS_DIR; };
		1BE4CE22263A1B6100F4CFED /* AppDelegate.swift */ = {isa = PBXFileReference; lastKnownFileType = sourcecode.swift; path = AppDelegate.swift; sourceTree = "<group>"; };
		1BE4CE24263A1B6100F4CFED /* SceneDelegate.swift */ = {isa = PBXFileReference; lastKnownFileType = sourcecode.swift; path = SceneDelegate.swift; sourceTree = "<group>"; };
		1BE4CE26263A1B6100F4CFED /* ViewController.swift */ = {isa = PBXFileReference; lastKnownFileType = sourcecode.swift; path = ViewController.swift; sourceTree = "<group>"; };
		1BE4CE29263A1B6100F4CFED /* Base */ = {isa = PBXFileReference; lastKnownFileType = file.storyboard; name = Base; path = Base.lproj/Main.storyboard; sourceTree = "<group>"; };
		1BE4CE2C263A1B6100F4CFED /* Bobo.xcdatamodel */ = {isa = PBXFileReference; lastKnownFileType = wrapper.xcdatamodel; path = Bobo.xcdatamodel; sourceTree = "<group>"; };
		1BE4CE2E263A1B6100F4CFED /* Assets.xcassets */ = {isa = PBXFileReference; lastKnownFileType = folder.assetcatalog; path = Assets.xcassets; sourceTree = "<group>"; };
		1BE4CE31263A1B6100F4CFED /* Base */ = {isa = PBXFileReference; lastKnownFileType = file.storyboard; name = Base; path = Base.lproj/LaunchScreen.storyboard; sourceTree = "<group>"; };
		1BE4CE33263A1B6100F4CFED /* Info.plist */ = {isa = PBXFileReference; lastKnownFileType = text.plist.xml; path = Info.plist; sourceTree = "<group>"; };
/* End PBXFileReference section */

/* Begin PBXFrameworksBuildPhase section */
		1BE4CE1C263A1B6100F4CFED /* Frameworks */ = {
			isa = PBXFrameworksBuildPhase;
			buildActionMask = 2147483647;
			files = (
			);
			runOnlyForDeploymentPostprocessing = 0;
		};
/* End PBXFrameworksBuildPhase section */

/* Begin PBXGroup section */
		1BE4CE16263A1B6100F4CFED = {
			isa = PBXGroup;
			children = (
				1BE4CE21263A1B6100F4CFED /* Bobo */,
				1BE4CE20263A1B6100F4CFED /* Products */,
			);
			sourceTree = "<group>";
		};
		1BE4CE20263A1B6100F4CFED /* Products */ = {
			isa = PBXGroup;
			children = (
				1BE4CE1F263A1B6100F4CFED /* Bobo.app */,
			);
			name = Products;
			sourceTree = "<group>";
		};
		1BE4CE21263A1B6100F4CFED /* Bobo */ = {
			isa = PBXGroup;
			children = (
				1BE4CE22263A1B6100F4CFED /* AppDelegate.swift */,
				1BE4CE24263A1B6100F4CFED /* SceneDelegate.swift */,
				1BE4CE26263A1B6100F4CFED /* ViewController.swift */,
				1BE4CE28263A1B6100F4CFED /* Main.storyboard */,
				1BE4CE2E263A1B6100F4CFED /* Assets.xcassets */,
				1BE4CE30263A1B6100F4CFED /* LaunchScreen.storyboard */,
				1BE4CE33263A1B6100F4CFED /* Info.plist */,
				1BE4CE2B263A1B6100F4CFED /* Bobo.xcdatamodeld */,
			);
			path = Bobo;
			sourceTree = "<group>";
		};
/* End PBXGroup section */

/* Begin PBXNativeTarget section */
		1BE4CE1E263A1B6100F4CFED /* Bobo */ = {
			isa = PBXNativeTarget;
			buildConfigurationList = 1BE4CE36263A1B6100F4CFED /* Build configuration list for PBXNativeTarget "Bobo" */;
			buildPhases = (
				1BE4CE1B263A1B6100F4CFED /* Sources */,
				1BE4CE1C263A1B6100F4CFED /* Frameworks */,
				1BE4CE1D263A1B6100F4CFED /* Resources */,
			);
			buildRules = (
			);
			dependencies = (
			);
			name = Bobo;
			productName = Bobo;
			productReference = 1BE4CE1F263A1B6100F4CFED /* Bobo.app */;
			productType = "com.apple.product-type.application";
		};
/* End PBXNativeTarget section */

/* Begin PBXProject section */
		1BE4CE17263A1B6100F4CFED /* Project object */ = {
			isa = PBXProject;
			attributes = {
				LastSwiftUpdateCheck = 1240;
				LastUpgradeCheck = 1240;
				TargetAttributes = {
					1BE4CE1E263A1B6100F4CFED = {
						CreatedOnToolsVersion = 12.4;
					};
				};
			};
			buildConfigurationList = 1BE4CE1A263A1B6100F4CFED /* Build configuration list for PBXProject "Bobo" */;
			compatibilityVersion = "Xcode 9.3";
			developmentRegion = en;
			hasScannedForEncodings = 0;
			knownRegions = (
				en,
				Base,
			);
			mainGroup = 1BE4CE16263A1B6100F4CFED;
			productRefGroup = 1BE4CE20263A1B6100F4CFED /* Products */;
			projectDirPath = "";
			projectRoot = "";
			targets = (
				1BE4CE1E263A1B6100F4CFED /* Bobo */,
			);
		};
/* End PBXProject section */

/* Begin PBXResourcesBuildPhase section */
		1BE4CE1D263A1B6100F4CFED /* Resources */ = {
			isa = PBXResourcesBuildPhase;
			buildActionMask = 2147483647;
			files = (
				1BE4CE32263A1B6100F4CFED /* LaunchScreen.storyboard in Resources */,
				1BE4CE2F263A1B6100F4CFED /* Assets.xcassets in Resources */,
				1BE4CE2A263A1B6100F4CFED /* Main.storyboard in Resources */,
			);
			runOnlyForDeploymentPostprocessing = 0;
		};
/* End PBXResourcesBuildPhase section */

/* Begin PBXSourcesBuildPhase section */
		1BE4CE1B263A1B6100F4CFED /* Sources */ = {
			isa = PBXSourcesBuildPhase;
			buildActionMask = 2147483647;
			files = (
				1BE4CE27263A1B6100F4CFED /* ViewController.swift in Sources */,
				1BE4CE23263A1B6100F4CFED /* AppDelegate.swift in Sources */,
				1BE4CE25263A1B6100F4CFED /* SceneDelegate.swift in Sources */,
				1BE4CE2D263A1B6100F4CFED /* Bobo.xcdatamodeld in Sources */,
			);
			runOnlyForDeploymentPostprocessing = 0;
		};
/* End PBXSourcesBuildPhase section */

/* Begin PBXVariantGroup section */
		1BE4CE28263A1B6100F4CFED /* Main.storyboard */ = {
			isa = PBXVariantGroup;
			children = (
				1BE4CE29263A1B6100F4CFED /* Base */,
			);
			name = Main.storyboard;
			sourceTree = "<group>";
		};
		1BE4CE30263A1B6100F4CFED /* LaunchScreen.storyboard */ = {
			isa = PBXVariantGroup;
			children = (
				1BE4CE31263A1B6100F4CFED /* Base */,
			);
			name = LaunchScreen.storyboard;
			sourceTree = "<group>";
		};
/* End PBXVariantGroup section */

/* Begin XCBuildConfiguration section */
		1BE4CE34263A1B6100F4CFED /* Debug */ = {
			isa = XCBuildConfiguration;
			buildSettings = {
				ALWAYS_SEARCH_USER_PATHS = NO;
				CLANG_ANALYZER_NONNULL = YES;
				CLANG_ANALYZER_NUMBER_OBJECT_CONVERSION = YES_AGGRESSIVE;
				CLANG_CXX_LANGUAGE_STANDARD = "gnu++14";
				CLANG_CXX_LIBRARY = "libc++";
				CLANG_ENABLE_MODULES = YES;
				CLANG_ENABLE_OBJC_ARC = YES;
				CLANG_ENABLE_OBJC_WEAK = YES;
				CLANG_WARN_BLOCK_CAPTURE_AUTORELEASING = YES;
				CLANG_WARN_BOOL_CONVERSION = YES;
				CLANG_WARN_COMMA = YES;
				CLANG_WARN_CONSTANT_CONVERSION = YES;
				CLANG_WARN_DEPRECATED_OBJC_IMPLEMENTATIONS = YES;
				CLANG_WARN_DIRECT_OBJC_ISA_USAGE = YES_ERROR;
				CLANG_WARN_DOCUMENTATION_COMMENTS = YES;
				CLANG_WARN_EMPTY_BODY = YES;
				CLANG_WARN_ENUM_CONVERSION = YES;
				CLANG_WARN_INFINITE_RECURSION = YES;
				CLANG_WARN_INT_CONVERSION = YES;
				CLANG_WARN_NON_LITERAL_NULL_CONVERSION = YES;
				CLANG_WARN_OBJC_IMPLICIT_RETAIN_SELF = YES;
				CLANG_WARN_OBJC_LITERAL_CONVERSION = YES;
				CLANG_WARN_OBJC_ROOT_CLASS = YES_ERROR;
				CLANG_WARN_QUOTED_INCLUDE_IN_FRAMEWORK_HEADER = YES;
				CLANG_WARN_RANGE_LOOP_ANALYSIS = YES;
				CLANG_WARN_STRICT_PROTOTYPES = YES;
				CLANG_WARN_SUSPICIOUS_MOVE = YES;
				CLANG_WARN_UNGUARDED_AVAILABILITY = YES_AGGRESSIVE;
				CLANG_WARN_UNREACHABLE_CODE = YES;
				CLANG_WARN__DUPLICATE_METHOD_MATCH = YES;
				COPY_PHASE_STRIP = NO;
				DEBUG_INFORMATION_FORMAT = dwarf;
				ENABLE_STRICT_OBJC_MSGSEND = YES;
				ENABLE_TESTABILITY = YES;
				GCC_C_LANGUAGE_STANDARD = gnu11;
				GCC_DYNAMIC_NO_PIC = NO;
				GCC_NO_COMMON_BLOCKS = YES;
				GCC_OPTIMIZATION_LEVEL = 0;
				GCC_PREPROCESSOR_DEFINITIONS = (
					"DEBUG=1",
					"$(inherited)",
				);
				GCC_WARN_64_TO_32_BIT_CONVERSION = YES;
				GCC_WARN_ABOUT_RETURN_TYPE = YES_ERROR;
				GCC_WARN_UNDECLARED_SELECTOR = YES;
				GCC_WARN_UNINITIALIZED_AUTOS = YES_AGGRESSIVE;
				GCC_WARN_UNUSED_FUNCTION = YES;
				GCC_WARN_UNUSED_VARIABLE = YES;
				IPHONEOS_DEPLOYMENT_TARGET = 14.4;
				MTL_ENABLE_DEBUG_INFO = INCLUDE_SOURCE;
				MTL_FAST_MATH = YES;
				ONLY_ACTIVE_ARCH = YES;
				SDKROOT = iphoneos;
				SWIFT_ACTIVE_COMPILATION_CONDITIONS = DEBUG;
				SWIFT_OPTIMIZATION_LEVEL = "-Onone";
			};
			name = Debug;
		};
		1BE4CE35263A1B6100F4CFED /* Release */ = {
			isa = XCBuildConfiguration;
			buildSettings = {
				ALWAYS_SEARCH_USER_PATHS = NO;
				CLANG_ANALYZER_NONNULL = YES;
				CLANG_ANALYZER_NUMBER_OBJECT_CONVERSION = YES_AGGRESSIVE;
				CLANG_CXX_LANGUAGE_STANDARD = "gnu++14";
				CLANG_CXX_LIBRARY = "libc++";
				CLANG_ENABLE_MODULES = YES;
				CLANG_ENABLE_OBJC_ARC = YES;
				CLANG_ENABLE_OBJC_WEAK = YES;
				CLANG_WARN_BLOCK_CAPTURE_AUTORELEASING = YES;
				CLANG_WARN_BOOL_CONVERSION = YES;
				CLANG_WARN_COMMA = YES;
				CLANG_WARN_CONSTANT_CONVERSION = YES;
				CLANG_WARN_DEPRECATED_OBJC_IMPLEMENTATIONS = YES;
				CLANG_WARN_DIRECT_OBJC_ISA_USAGE = YES_ERROR;
				CLANG_WARN_DOCUMENTATION_COMMENTS = YES;
				CLANG_WARN_EMPTY_BODY = YES;
				CLANG_WARN_ENUM_CONVERSION = YES;
				CLANG_WARN_INFINITE_RECURSION = YES;
				CLANG_WARN_INT_CONVERSION = YES;
				CLANG_WARN_NON_LITERAL_NULL_CONVERSION = YES;
				CLANG_WARN_OBJC_IMPLICIT_RETAIN_SELF = YES;
				CLANG_WARN_OBJC_LITERAL_CONVERSION = YES;
				CLANG_WARN_OBJC_ROOT_CLASS = YES_ERROR;
				CLANG_WARN_QUOTED_INCLUDE_IN_FRAMEWORK_HEADER = YES;
				CLANG_WARN_RANGE_LOOP_ANALYSIS = YES;
				CLANG_WARN_STRICT_PROTOTYPES = YES;
				CLANG_WARN_SUSPICIOUS_MOVE = YES;
				CLANG_WARN_UNGUARDED_AVAILABILITY = YES_AGGRESSIVE;
				CLANG_WARN_UNREACHABLE_CODE = YES;
				CLANG_WARN__DUPLICATE_METHOD_MATCH = YES;
				COPY_PHASE_STRIP = NO;
				DEBUG_INFORMATION_FORMAT = "dwarf-with-dsym";
				ENABLE_NS_ASSERTIONS = NO;
				ENABLE_STRICT_OBJC_MSGSEND = YES;
				GCC_C_LANGUAGE_STANDARD = gnu11;
				GCC_NO_COMMON_BLOCKS = YES;
				GCC_WARN_64_TO_32_BIT_CONVERSION = YES;
				GCC_WARN_ABOUT_RETURN_TYPE = YES_ERROR;
				GCC_WARN_UNDECLARED_SELECTOR = YES;
				GCC_WARN_UNINITIALIZED_AUTOS = YES_AGGRESSIVE;
				GCC_WARN_UNUSED_FUNCTION = YES;
				GCC_WARN_UNUSED_VARIABLE = YES;
				IPHONEOS_DEPLOYMENT_TARGET = 14.4;
				MTL_ENABLE_DEBUG_INFO = NO;
				MTL_FAST_MATH = YES;
				SDKROOT = iphoneos;
				SWIFT_COMPILATION_MODE = wholemodule;
				SWIFT_OPTIMIZATION_LEVEL = "-O";
				VALIDATE_PRODUCT = YES;
			};
			name = Release;
		};
		1BE4CE37263A1B6100F4CFED /* Debug */ = {
			isa = XCBuildConfiguration;
			buildSettings = {
				ASSETCATALOG_COMPILER_APPICON_NAME = AppIcon;
				ASSETCATALOG_COMPILER_GLOBAL_ACCENT_COLOR_NAME = AccentColor;
				CODE_SIGN_STYLE = Automatic;
				INFOPLIST_FILE = Bobo/Info.plist;
				LD_RUNPATH_SEARCH_PATHS = (
					"$(inherited)",
					"@executable_path/Frameworks",
				);
				PRODUCT_BUNDLE_IDENTIFIER = com.asdev.Bobo;
				PRODUCT_NAME = "$(TARGET_NAME)";
				SWIFT_VERSION = 5.0;
				TARGETED_DEVICE_FAMILY = "1,2";
			};
			name = Debug;
		};
		1BE4CE38263A1B6100F4CFED /* Release */ = {
			isa = XCBuildConfiguration;
			buildSettings = {
				ASSETCATALOG_COMPILER_APPICON_NAME = AppIcon;
				ASSETCATALOG_COMPILER_GLOBAL_ACCENT_COLOR_NAME = AccentColor;
				CODE_SIGN_STYLE = Automatic;
				INFOPLIST_FILE = Bobo/Info.plist;
				LD_RUNPATH_SEARCH_PATHS = (
					"$(inherited)",
					"@executable_path/Frameworks",
				);
				PRODUCT_BUNDLE_IDENTIFIER = com.asdev.Bobo;
				PRODUCT_NAME = "$(TARGET_NAME)";
				SWIFT_VERSION = 5.0;
				TARGETED_DEVICE_FAMILY = "1,2";
			};
			name = Release;
		};
/* End XCBuildConfiguration section */

/* Begin XCConfigurationList section */
		1BE4CE1A263A1B6100F4CFED /* Build configuration list for PBXProject "Bobo" */ = {
			isa = XCConfigurationList;
			buildConfigurations = (
				1BE4CE34263A1B6100F4CFED /* Debug */,
				1BE4CE35263A1B6100F4CFED /* Release */,
			);
			defaultConfigurationIsVisible = 0;
			defaultConfigurationName = Release;
		};
		1BE4CE36263A1B6100F4CFED /* Build configuration list for PBXNativeTarget "Bobo" */ = {
			isa = XCConfigurationList;
			buildConfigurations = (
				1BE4CE37263A1B6100F4CFED /* Debug */,
				1BE4CE38263A1B6100F4CFED /* Release */,
			);
			defaultConfigurationIsVisible = 0;
			defaultConfigurationName = Release;
		};
/* End XCConfigurationList section */

/* Begin XCVersionGroup section */
		1BE4CE2B263A1B6100F4CFED /* Bobo.xcdatamodeld */ = {
			isa = XCVersionGroup;
			children = (
				1BE4CE2C263A1B6100F4CFED /* Bobo.xcdatamodel */,
			);
			currentVersion = 1BE4CE2C263A1B6100F4CFED /* Bobo.xcdatamodel */;
			path = Bobo.xcdatamodeld;
			sourceTree = "<group>";
			versionGroupType = wrapper.xcdatamodel;
		};
/* End XCVersionGroup section */
	};
	rootObject = 1BE4CE17263A1B6100F4CFED /* Project object */;
}
